
Microsoft Visual Studio Solution File, Format Version 12.00
# Visual Studio Version 17
VisualStudioVersion = 17.0.32014.148
MinimumVisualStudioVersion = 10.0.40219.1
Project("{9A19103F-16F7-4668-BE54-9A1E7A4F7556}") = "dotnet-releaser", "dotnet-releaser\dotnet-releaser.csproj", "{81605EE5-3740-49BD-9DA3-FF0A51AC027F}"
EndProject
Project("{2150E333-8FDC-42A3-9474-1A3956D46DE8}") = "Solution Items", "Solution Items", "{BBC4B16D-083F-47E6-BFAE-9064E600F230}"
	ProjectSection(SolutionItems) = preProject
		..\changelog.md = ..\changelog.md
		global.json = global.json
		..\license.txt = ..\license.txt
		..\readme.md = ..\readme.md
	EndProjectSection
EndProject
Global
	GlobalSection(SolutionConfigurationPlatforms) = preSolution
		Debug|Any CPU = Debug|Any CPU
		Release|Any CPU = Release|Any CPU
	EndGlobalSection
	GlobalSection(ProjectConfigurationPlatforms) = postSolution
		{81605EE5-3740-49BD-9DA3-FF0A51AC027F}.Debug|Any CPU.ActiveCfg = Debug|Any CPU
		{81605EE5-3740-49BD-9DA3-FF0A51AC027F}.Debug|Any CPU.Build.0 = Debug|Any CPU
		{81605EE5-3740-49BD-9DA3-FF0A51AC027F}.Release|Any CPU.ActiveCfg = Release|Any CPU
		{81605EE5-3740-49BD-9DA3-FF0A51AC027F}.Release|Any CPU.Build.0 = Release|Any CPU
	EndGlobalSection
	GlobalSection(SolutionProperties) = preSolution
		HideSolutionNode = FALSE
	EndGlobalSection
	GlobalSection(ExtensibilityGlobals) = postSolution
		SolutionGuid = {95E8F3B3-49E8-400E-97A1-38D8B946DFCA}
	EndGlobalSection
EndGlobal
